// !$*UTF8*$!
{
	archiveVersion = 1;
	classes = {
	};
	objectVersion = 46;
	objects = {

/* Begin PBXBuildFile section */
		AFD1FC9F1E6F9EF800A9562C /* AppDelegate.swift in Sources */ = {isa = PBXBuildFile; fileRef = AFD1FC9E1E6F9EF800A9562C /* AppDelegate.swift */; };
		AFD1FCA11E6F9EF800A9562C /* ViewController.swift in Sources */ = {isa = PBXBuildFile; fileRef = AFD1FCA01E6F9EF800A9562C /* ViewController.swift */; };
		AFD1FCA41E6F9EF800A9562C /* Main.storyboard in Resources */ = {isa = PBXBuildFile; fileRef = AFD1FCA21E6F9EF800A9562C /* Main.storyboard */; };
		AFD1FCA61E6F9EF800A9562C /* Assets.xcassets in Resources */ = {isa = PBXBuildFile; fileRef = AFD1FCA51E6F9EF800A9562C /* Assets.xcassets */; };
		AFD1FCA91E6F9EF800A9562C /* LaunchScreen.storyboard in Resources */ = {isa = PBXBuildFile; fileRef = AFD1FCA71E6F9EF800A9562C /* LaunchScreen.storyboard */; };
		AFD1FCB31E6FA90400A9562C /* Tab1.storyboard in Resources */ = {isa = PBXBuildFile; fileRef = AFD1FCB21E6FA90400A9562C /* Tab1.storyboard */; };
		AFD1FCB51E6FA91400A9562C /* Tab2.storyboard in Resources */ = {isa = PBXBuildFile; fileRef = AFD1FCB41E6FA91400A9562C /* Tab2.storyboard */; };
		AFD1FCB71E6FA92000A9562C /* Tab3.storyboard in Resources */ = {isa = PBXBuildFile; fileRef = AFD1FCB61E6FA92000A9562C /* Tab3.storyboard */; };
		AFD1FCB91E6FBD7F00A9562C /* TGCToastView.swift in Sources */ = {isa = PBXBuildFile; fileRef = AFD1FCB81E6FBD7F00A9562C /* TGCToastView.swift */; };
		AFD1FCD11E700E7400A9562C /* TabViewController1.swift in Sources */ = {isa = PBXBuildFile; fileRef = AFD1FCD01E700E7400A9562C /* TabViewController1.swift */; };
		AFD1FCD31E70105000A9562C /* TableViewDetailControllerViewController.swift in Sources */ = {isa = PBXBuildFile; fileRef = AFD1FCD21E70105000A9562C /* TableViewDetailControllerViewController.swift */; };
/* End PBXBuildFile section */

/* Begin PBXFileReference section */
		AFD1FC9B1E6F9EF800A9562C /* Demo1.app */ = {isa = PBXFileReference; explicitFileType = wrapper.application; includeInIndex = 0; path = Demo1.app; sourceTree = BUILT_PRODUCTS_DIR; };
		AFD1FC9E1E6F9EF800A9562C /* AppDelegate.swift */ = {isa = PBXFileReference; lastKnownFileType = sourcecode.swift; path = AppDelegate.swift; sourceTree = "<group>"; };
		AFD1FCA01E6F9EF800A9562C /* ViewController.swift */ = {isa = PBXFileReference; lastKnownFileType = sourcecode.swift; path = ViewController.swift; sourceTree = "<group>"; };
		AFD1FCA31E6F9EF800A9562C /* Base */ = {isa = PBXFileReference; lastKnownFileType = file.storyboard; name = Base; path = Base.lproj/Main.storyboard; sourceTree = "<group>"; };
		AFD1FCA51E6F9EF800A9562C /* Assets.xcassets */ = {isa = PBXFileReference; lastKnownFileType = folder.assetcatalog; path = Assets.xcassets; sourceTree = "<group>"; };
		AFD1FCA81E6F9EF800A9562C /* Base */ = {isa = PBXFileReference; lastKnownFileType = file.storyboard; name = Base; path = Base.lproj/LaunchScreen.storyboard; sourceTree = "<group>"; };
		AFD1FCAA1E6F9EF800A9562C /* Info.plist */ = {isa = PBXFileReference; lastKnownFileType = text.plist.xml; path = Info.plist; sourceTree = "<group>"; };
		AFD1FCB21E6FA90400A9562C /* Tab1.storyboard */ = {isa = PBXFileReference; fileEncoding = 4; lastKnownFileType = file.storyboard; path = Tab1.storyboard; sourceTree = "<group>"; };
		AFD1FCB41E6FA91400A9562C /* Tab2.storyboard */ = {isa = PBXFileReference; fileEncoding = 4; lastKnownFileType = file.storyboard; path = Tab2.storyboard; sourceTree = "<group>"; };
		AFD1FCB61E6FA92000A9562C /* Tab3.storyboard */ = {isa = PBXFileReference; fileEncoding = 4; lastKnownFileType = file.storyboard; path = Tab3.storyboard; sourceTree = "<group>"; };
		AFD1FCB81E6FBD7F00A9562C /* TGCToastView.swift */ = {isa = PBXFileReference; fileEncoding = 4; lastKnownFileType = sourcecode.swift; name = TGCToastView.swift; path = Demo1/TGCToastView.swift; sourceTree = "<group>"; };
		AFD1FCD01E700E7400A9562C /* TabViewController1.swift */ = {isa = PBXFileReference; fileEncoding = 4; lastKnownFileType = sourcecode.swift; path = TabViewController1.swift; sourceTree = "<group>"; };
		AFD1FCD21E70105000A9562C /* TableViewDetailControllerViewController.swift */ = {isa = PBXFileReference; fileEncoding = 4; lastKnownFileType = sourcecode.swift; path = TableViewDetailControllerViewController.swift; sourceTree = "<group>"; };
/* End PBXFileReference section */

/* Begin PBXFrameworksBuildPhase section */
		AFD1FC981E6F9EF700A9562C /* Frameworks */ = {
			isa = PBXFrameworksBuildPhase;
			buildActionMask = 2147483647;
			files = (
			);
			runOnlyForDeploymentPostprocessing = 0;
		};
/* End PBXFrameworksBuildPhase section */

/* Begin PBXGroup section */
		AFD1FC921E6F9EF700A9562C = {
			isa = PBXGroup;
			children = (
				AFD1FCBA1E6FBD9000A9562C /* View */,
				AFD1FCB11E6FA8D100A9562C /* StoryBoard */,
				AFD1FC9D1E6F9EF800A9562C /* Demo1 */,
				AFD1FC9C1E6F9EF800A9562C /* Products */,
			);
			sourceTree = "<group>";
		};
		AFD1FC9C1E6F9EF800A9562C /* Products */ = {
			isa = PBXGroup;
			children = (
				AFD1FC9B1E6F9EF800A9562C /* Demo1.app */,
			);
			name = Products;
			sourceTree = "<group>";
		};
		AFD1FC9D1E6F9EF800A9562C /* Demo1 */ = {
			isa = PBXGroup;
			children = (
				AFD1FC9E1E6F9EF800A9562C /* AppDelegate.swift */,
				AFD1FCA01E6F9EF800A9562C /* ViewController.swift */,
				AFD1FCA51E6F9EF800A9562C /* Assets.xcassets */,
				AFD1FCAA1E6F9EF800A9562C /* Info.plist */,
			);
			path = Demo1;
			sourceTree = "<group>";
		};
		AFD1FCB11E6FA8D100A9562C /* StoryBoard */ = {
			isa = PBXGroup;
			children = (
				AFD1FCA71E6F9EF800A9562C /* LaunchScreen.storyboard */,
				AFD1FCA21E6F9EF800A9562C /* Main.storyboard */,
				AFD1FCB21E6FA90400A9562C /* Tab1.storyboard */,
				AFD1FCB41E6FA91400A9562C /* Tab2.storyboard */,
				AFD1FCB61E6FA92000A9562C /* Tab3.storyboard */,
			);
			name = StoryBoard;
			sourceTree = "<group>";
		};
		AFD1FCBA1E6FBD9000A9562C /* View */ = {
			isa = PBXGroup;
			children = (
				AFD1FCB81E6FBD7F00A9562C /* TGCToastView.swift */,
				AFD1FCD01E700E7400A9562C /* TabViewController1.swift */,
				AFD1FCD21E70105000A9562C /* TableViewDetailControllerViewController.swift */,
			);
			name = View;
			sourceTree = "<group>";
		};
/* End PBXGroup section */

/* Begin PBXNativeTarget section */
		AFD1FC9A1E6F9EF700A9562C /* Demo1 */ = {
			isa = PBXNativeTarget;
			buildConfigurationList = AFD1FCAD1E6F9EF800A9562C /* Build configuration list for PBXNativeTarget "Demo1" */;
			buildPhases = (
				AFD1FC971E6F9EF700A9562C /* Sources */,
				AFD1FC981E6F9EF700A9562C /* Frameworks */,
				AFD1FC991E6F9EF700A9562C /* Resources */,
			);
			buildRules = (
			);
			dependencies = (
			);
			name = Demo1;
			productName = Demo1;
			productReference = AFD1FC9B1E6F9EF800A9562C /* Demo1.app */;
			productType = "com.apple.product-type.application";
		};
/* End PBXNativeTarget section */

/* Begin PBXProject section */
		AFD1FC931E6F9EF700A9562C /* Project object */ = {
			isa = PBXProject;
			attributes = {
				LastSwiftUpdateCheck = 0820;
				LastUpgradeCheck = 0820;
				ORGANIZATIONNAME = CBH_Mac;
				TargetAttributes = {
					AFD1FC9A1E6F9EF700A9562C = {
						CreatedOnToolsVersion = 8.2.1;
						DevelopmentTeam = 3743T2J7NU;
						ProvisioningStyle = Automatic;
					};
				};
			};
			buildConfigurationList = AFD1FC961E6F9EF700A9562C /* Build configuration list for PBXProject "Demo1" */;
			compatibilityVersion = "Xcode 3.2";
			developmentRegion = English;
			hasScannedForEncodings = 0;
			knownRegions = (
				en,
				Base,
			);
			mainGroup = AFD1FC921E6F9EF700A9562C;
			productRefGroup = AFD1FC9C1E6F9EF800A9562C /* Products */;
			projectDirPath = "";
			projectRoot = "";
			targets = (
				AFD1FC9A1E6F9EF700A9562C /* Demo1 */,
			);
		};
/* End PBXProject section */

/* Begin PBXResourcesBuildPhase section */
		AFD1FC991E6F9EF700A9562C /* Resources */ = {
			isa = PBXResourcesBuildPhase;
			buildActionMask = 2147483647;
			files = (
				AFD1FCB71E6FA92000A9562C /* Tab3.storyboard in Resources */,
				AFD1FCB51E6FA91400A9562C /* Tab2.storyboard in Resources */,
				AFD1FCA91E6F9EF800A9562C /* LaunchScreen.storyboard in Resources */,
				AFD1FCA61E6F9EF800A9562C /* Assets.xcassets in Resources */,
				AFD1FCB31E6FA90400A9562C /* Tab1.storyboard in Resources */,
				AFD1FCA41E6F9EF800A9562C /* Main.storyboard in Resources */,
			);
			runOnlyForDeploymentPostprocessing = 0;
		};
/* End PBXResourcesBuildPhase section */

/* Begin PBXSourcesBuildPhase section */
		AFD1FC971E6F9EF700A9562C /* Sources */ = {
			isa = PBXSourcesBuildPhase;
			buildActionMask = 2147483647;
			files = (
				AFD1FCA11E6F9EF800A9562C /* ViewController.swift in Sources */,
				AFD1FCB91E6FBD7F00A9562C /* TGCToastView.swift in Sources */,
				AFD1FCD31E70105000A9562C /* TableViewDetailControllerViewController.swift in Sources */,
				AFD1FCD11E700E7400A9562C /* TabViewController1.swift in Sources */,
				AFD1FC9F1E6F9EF800A9562C /* AppDelegate.swift in Sources */,
			);
			runOnlyForDeploymentPostprocessing = 0;
		};
/* End PBXSourcesBuildPhase section */

/* Begin PBXVariantGroup section */
		AFD1FCA21E6F9EF800A9562C /* Main.storyboard */ = {
			isa = PBXVariantGroup;
			children = (
				AFD1FCA31E6F9EF800A9562C /* Base */,
			);
			name = Main.storyboard;
			path = Demo1;
			sourceTree = "<group>";
		};
		AFD1FCA71E6F9EF800A9562C /* LaunchScreen.storyboard */ = {
			isa = PBXVariantGroup;
			children = (
				AFD1FCA81E6F9EF800A9562C /* Base */,
			);
			name = LaunchScreen.storyboard;
			path = Demo1;
			sourceTree = "<group>";
		};
/* End PBXVariantGroup section */

/* Begin XCBuildConfiguration section */
		AFD1FCAB1E6F9EF800A9562C /* Debug */ = {
			isa = XCBuildConfiguration;
			buildSettings = {
				ALWAYS_SEARCH_USER_PATHS = NO;
				CLANG_ANALYZER_NONNULL = YES;
				CLANG_CXX_LANGUAGE_STANDARD = "gnu++0x";
				CLANG_CXX_LIBRARY = "libc++";
				CLANG_ENABLE_MODULES = YES;
				CLANG_ENABLE_OBJC_ARC = YES;
				CLANG_WARN_BOOL_CONVERSION = YES;
				CLANG_WARN_CONSTANT_CONVERSION = YES;
				CLANG_WARN_DIRECT_OBJC_ISA_USAGE = YES_ERROR;
				CLANG_WARN_DOCUMENTATION_COMMENTS = YES;
				CLANG_WARN_EMPTY_BODY = YES;
				CLANG_WARN_ENUM_CONVERSION = YES;
				CLANG_WARN_INFINITE_RECURSION = YES;
				CLANG_WARN_INT_CONVERSION = YES;
				CLANG_WARN_OBJC_ROOT_CLASS = YES_ERROR;
				CLANG_WARN_SUSPICIOUS_MOVE = YES;
				CLANG_WARN_UNREACHABLE_CODE = YES;
				CLANG_WARN__DUPLICATE_METHOD_MATCH = YES;
				"CODE_SIGN_IDENTITY[sdk=iphoneos*]" = "iPhone Developer";
				COPY_PHASE_STRIP = NO;
				DEBUG_INFORMATION_FORMAT = dwarf;
				ENABLE_STRICT_OBJC_MSGSEND = YES;
				ENABLE_TESTABILITY = YES;
				GCC_C_LANGUAGE_STANDARD = gnu99;
				GCC_DYNAMIC_NO_PIC = NO;
				GCC_NO_COMMON_BLOCKS = YES;
				GCC_OPTIMIZATION_LEVEL = 0;
				GCC_PREPROCESSOR_DEFINITIONS = (
					"DEBUG=1",
					"$(inherited)",
				);
				GCC_WARN_64_TO_32_BIT_CONVERSION = YES;
				GCC_WARN_ABOUT_RETURN_TYPE = YES_ERROR;
				GCC_WARN_UNDECLARED_SELECTOR = YES;
				GCC_WARN_UNINITIALIZED_AUTOS = YES_AGGRESSIVE;
				GCC_WARN_UNUSED_FUNCTION = YES;
				GCC_WARN_UNUSED_VARIABLE = YES;
				IPHONEOS_DEPLOYMENT_TARGET = 10.2;
				MTL_ENABLE_DEBUG_INFO = YES;
				ONLY_ACTIVE_ARCH = YES;
				SDKROOT = iphoneos;
				SWIFT_ACTIVE_COMPILATION_CONDITIONS = DEBUG;
				SWIFT_OPTIMIZATION_LEVEL = "-Onone";
				TARGETED_DEVICE_FAMILY = "1,2";
			};
			name = Debug;
		};
		AFD1FCAC1E6F9EF800A9562C /* Release */ = {
			isa = XCBuildConfiguration;
			buildSettings = {
				ALWAYS_SEARCH_USER_PATHS = NO;
				CLANG_ANALYZER_NONNULL = YES;
				CLANG_CXX_LANGUAGE_STANDARD = "gnu++0x";
				CLANG_CXX_LIBRARY = "libc++";
				CLANG_ENABLE_MODULES = YES;
				CLANG_ENABLE_OBJC_ARC = YES;
				CLANG_WARN_BOOL_CONVERSION = YES;
				CLANG_WARN_CONSTANT_CONVERSION = YES;
				CLANG_WARN_DIRECT_OBJC_ISA_USAGE = YES_ERROR;
				CLANG_WARN_DOCUMENTATION_COMMENTS = YES;
				CLANG_WARN_EMPTY_BODY = YES;
				CLANG_WARN_ENUM_CONVERSION = YES;
				CLANG_WARN_INFINITE_RECURSION = YES;
				CLANG_WARN_INT_CONVERSION = YES;
				CLANG_WARN_OBJC_ROOT_CLASS = YES_ERROR;
				CLANG_WARN_SUSPICIOUS_MOVE = YES;
				CLANG_WARN_UNREACHABLE_CODE = YES;
				CLANG_WARN__DUPLICATE_METHOD_MATCH = YES;
				"CODE_SIGN_IDENTITY[sdk=iphoneos*]" = "iPhone Developer";
				COPY_PHASE_STRIP = NO;
				DEBUG_INFORMATION_FORMAT = "dwarf-with-dsym";
				ENABLE_NS_ASSERTIONS = NO;
				ENABLE_STRICT_OBJC_MSGSEND = YES;
				GCC_C_LANGUAGE_STANDARD = gnu99;
				GCC_NO_COMMON_BLOCKS = YES;
				GCC_WARN_64_TO_32_BIT_CONVERSION = YES;
				GCC_WARN_ABOUT_RETURN_TYPE = YES_ERROR;
				GCC_WARN_UNDECLARED_SELECTOR = YES;
				GCC_WARN_UNINITIALIZED_AUTOS = YES_AGGRESSIVE;
				GCC_WARN_UNUSED_FUNCTION = YES;
				GCC_WARN_UNUSED_VARIABLE = YES;
				IPHONEOS_DEPLOYMENT_TARGET = 10.2;
				MTL_ENABLE_DEBUG_INFO = NO;
				SDKROOT = iphoneos;
				SWIFT_OPTIMIZATION_LEVEL = "-Owholemodule";
				TARGETED_DEVICE_FAMILY = "1,2";
				VALIDATE_PRODUCT = YES;
			};
			name = Release;
		};
		AFD1FCAE1E6F9EF800A9562C /* Debug */ = {
			isa = XCBuildConfiguration;
			buildSettings = {
				ASSETCATALOG_COMPILER_APPICON_NAME = AppIcon;
				DEVELOPMENT_TEAM = 3743T2J7NU;
				INFOPLIST_FILE = Demo1/Info.plist;
				LD_RUNPATH_SEARCH_PATHS = "$(inherited) @executable_path/Frameworks";
				PRODUCT_BUNDLE_IDENTIFIER = com.routon.Demo1;
				PRODUCT_NAME = "$(TARGET_NAME)";
				SWIFT_VERSION = 3.0;
			};
			name = Debug;
		};
		AFD1FCAF1E6F9EF800A9562C /* Release */ = {
			isa = XCBuildConfiguration;
			buildSettings = {
				ASSETCATALOG_COMPILER_APPICON_NAME = AppIcon;
				DEVELOPMENT_TEAM = 3743T2J7NU;
				INFOPLIST_FILE = Demo1/Info.plist;
				LD_RUNPATH_SEARCH_PATHS = "$(inherited) @executable_path/Frameworks";
				PRODUCT_BUNDLE_IDENTIFIER = com.routon.Demo1;
				PRODUCT_NAME = "$(TARGET_NAME)";
				SWIFT_VERSION = 3.0;
			};
			name = Release;
		};
/* End XCBuildConfiguration section */

/* Begin XCConfigurationList section */
		AFD1FC961E6F9EF700A9562C /* Build configuration list for PBXProject "Demo1" */ = {
			isa = XCConfigurationList;
			buildConfigurations = (
				AFD1FCAB1E6F9EF800A9562C /* Debug */,
				AFD1FCAC1E6F9EF800A9562C /* Release */,
			);
			defaultConfigurationIsVisible = 0;
			defaultConfigurationName = Release;
		};
		AFD1FCAD1E6F9EF800A9562C /* Build configuration list for PBXNativeTarget "Demo1" */ = {
			isa = XCConfigurationList;
			buildConfigurations = (
				AFD1FCAE1E6F9EF800A9562C /* Debug */,
				AFD1FCAF1E6F9EF800A9562C /* Release */,
			);
			defaultConfigurationIsVisible = 0;
			defaultConfigurationName = Release;
		};
/* End XCConfigurationList section */
	};
	rootObject = AFD1FC931E6F9EF700A9562C /* Project object */;
}
